
Microsoft Visual Studio Solution File, Format Version 12.00
# Visual Studio Version 17
VisualStudioVersion = 17.6.33815.320
MinimumVisualStudioVersion = 10.0.40219.1
Project("{9A19103F-16F7-4668-BE54-9A1E7A4F7556}") = "WebAPITrail", "WebAPITrail\WebAPITrail.csproj", "{1B45F3CF-FAC6-4CB9-BB05-658F53F49F54}"
EndProject
Global
	GlobalSection(SolutionConfigurationPlatforms) = preSolution
		Debug|Any CPU = Debug|Any CPU
		Release|Any CPU = Release|Any CPU
	EndGlobalSection
	GlobalSection(ProjectConfigurationPlatforms) = postSolution
		{1B45F3CF-FAC6-4CB9-BB05-658F53F49F54}.Debug|Any CPU.ActiveCfg = Debug|Any CPU
		{1B45F3CF-FAC6-4CB9-BB05-658F53F49F54}.Debug|Any CPU.Build.0 = Debug|Any CPU
		{1B45F3CF-FAC6-4CB9-BB05-658F53F49F54}.Release|Any CPU.ActiveCfg = Release|Any CPU
		{1B45F3CF-FAC6-4CB9-BB05-658F53F49F54}.Release|Any CPU.Build.0 = Release|Any CPU
	EndGlobalSection
	GlobalSection(SolutionProperties) = preSolution
		HideSolutionNode = FALSE
	EndGlobalSection
	GlobalSection(ExtensibilityGlobals) = postSolution
		SolutionGuid = {30D9A387-6FDB-4564-83C7-2D5BAD45B958}
	EndGlobalSection
EndGlobal
